
Microsoft Visual Studio Solution File, Format Version 12.00
# Visual Studio Version 16
VisualStudioVersion = 16.0.29215.179
MinimumVisualStudioVersion = 10.0.40219.1
Project("{FAE04EC0-301F-11D3-BF4B-00C04F79EFBC}") = "cs", "cs.csproj", "{491BAAC5-5929-40B9-9F0C-4616EC4E0DB6}"
EndProject
Global
	GlobalSection(SolutionConfigurationPlatforms) = preSolution
		Debug|Any CPU = Debug|Any CPU
		Release|Any CPU = Release|Any CPU
	EndGlobalSection
	GlobalSection(ProjectConfigurationPlatforms) = postSolution
		{491BAAC5-5929-40B9-9F0C-4616EC4E0DB6}.Debug|Any CPU.ActiveCfg = Debug|Any CPU
		{491BAAC5-5929-40B9-9F0C-4616EC4E0DB6}.Debug|Any CPU.Build.0 = Debug|Any CPU
		{491BAAC5-5929-40B9-9F0C-4616EC4E0DB6}.Release|Any CPU.ActiveCfg = Release|Any CPU
		{491BAAC5-5929-40B9-9F0C-4616EC4E0DB6}.Release|Any CPU.Build.0 = Release|Any CPU
	EndGlobalSection
	GlobalSection(SolutionProperties) = preSolution
		HideSolutionNode = FALSE
	EndGlobalSection
	GlobalSection(ExtensibilityGlobals) = postSolution
		SolutionGuid = {DFA40FBD-2C30-4F73-95F0-A8E8AB888CE3}
	EndGlobalSection
EndGlobal
