
Microsoft Visual Studio Solution File, Format Version 12.00
# Visual Studio Version 16
VisualStudioVersion = 16.0.809.1
MinimumVisualStudioVersion = 10.0.40219.1
Project("{FAE04EC0-301F-11D3-BF4B-00C04F79EFBC}") = "Project3Calc.iOS", "Project3Calc.iOS.csproj", "{68995A0E-B4B4-42E6-920D-C5041E4BED4E}"
EndProject
Global
	GlobalSection(SolutionConfigurationPlatforms) = preSolution
		Debug|iPhoneSimulator = Debug|iPhoneSimulator
		Release|iPhoneSimulator = Release|iPhoneSimulator
		Debug|iPhone = Debug|iPhone
		Release|iPhone = Release|iPhone
	EndGlobalSection
	GlobalSection(ProjectConfigurationPlatforms) = postSolution
		{68995A0E-B4B4-42E6-920D-C5041E4BED4E}.Debug|iPhoneSimulator.ActiveCfg = Debug|iPhoneSimulator
		{68995A0E-B4B4-42E6-920D-C5041E4BED4E}.Debug|iPhoneSimulator.Build.0 = Debug|iPhoneSimulator
		{68995A0E-B4B4-42E6-920D-C5041E4BED4E}.Release|iPhoneSimulator.ActiveCfg = Release|iPhoneSimulator
		{68995A0E-B4B4-42E6-920D-C5041E4BED4E}.Release|iPhoneSimulator.Build.0 = Release|iPhoneSimulator
		{68995A0E-B4B4-42E6-920D-C5041E4BED4E}.Debug|iPhone.ActiveCfg = Debug|iPhone
		{68995A0E-B4B4-42E6-920D-C5041E4BED4E}.Debug|iPhone.Build.0 = Debug|iPhone
		{68995A0E-B4B4-42E6-920D-C5041E4BED4E}.Release|iPhone.ActiveCfg = Release|iPhone
		{68995A0E-B4B4-42E6-920D-C5041E4BED4E}.Release|iPhone.Build.0 = Release|iPhone
	EndGlobalSection
	GlobalSection(SolutionProperties) = preSolution
		HideSolutionNode = FALSE
	EndGlobalSection
	GlobalSection(ExtensibilityGlobals) = postSolution
		SolutionGuid = {ED917913-2DC8-4397-8074-955CE40B25BF}
	EndGlobalSection
EndGlobal
