
Microsoft Visual Studio Solution File, Format Version 12.00
# Visual Studio Version 16
VisualStudioVersion = 16.0.809.1
MinimumVisualStudioVersion = 10.0.40219.1
Project("{FAE04EC0-301F-11D3-BF4B-00C04F79EFBC}") = "AudioExercise.iOS", "AudioExercise.iOS\AudioExercise.iOS.csproj", "{04E5CCC3-BBAF-4B3D-8ECC-D7FBFAEAB2F6}"
EndProject
Project("{FAE04EC0-301F-11D3-BF4B-00C04F79EFBC}") = "AudioExercise", "AudioExercise\AudioExercise.csproj", "{A83B4FBF-B30A-45ED-A058-BC1294865AD1}"
EndProject
Global
	GlobalSection(SolutionConfigurationPlatforms) = preSolution
		Debug|iPhoneSimulator = Debug|iPhoneSimulator
		Release|iPhoneSimulator = Release|iPhoneSimulator
		Debug|iPhone = Debug|iPhone
		Release|iPhone = Release|iPhone
		Debug|Any CPU = Debug|Any CPU
		Release|Any CPU = Release|Any CPU
	EndGlobalSection
	GlobalSection(ProjectConfigurationPlatforms) = postSolution
		{04E5CCC3-BBAF-4B3D-8ECC-D7FBFAEAB2F6}.Debug|iPhoneSimulator.ActiveCfg = Debug|iPhoneSimulator
		{04E5CCC3-BBAF-4B3D-8ECC-D7FBFAEAB2F6}.Debug|iPhoneSimulator.Build.0 = Debug|iPhoneSimulator
		{04E5CCC3-BBAF-4B3D-8ECC-D7FBFAEAB2F6}.Release|iPhoneSimulator.ActiveCfg = Release|iPhoneSimulator
		{04E5CCC3-BBAF-4B3D-8ECC-D7FBFAEAB2F6}.Release|iPhoneSimulator.Build.0 = Release|iPhoneSimulator
		{04E5CCC3-BBAF-4B3D-8ECC-D7FBFAEAB2F6}.Debug|iPhone.ActiveCfg = Debug|iPhone
		{04E5CCC3-BBAF-4B3D-8ECC-D7FBFAEAB2F6}.Debug|iPhone.Build.0 = Debug|iPhone
		{04E5CCC3-BBAF-4B3D-8ECC-D7FBFAEAB2F6}.Release|iPhone.ActiveCfg = Release|iPhone
		{04E5CCC3-BBAF-4B3D-8ECC-D7FBFAEAB2F6}.Release|iPhone.Build.0 = Release|iPhone
		{04E5CCC3-BBAF-4B3D-8ECC-D7FBFAEAB2F6}.Debug|Any CPU.ActiveCfg = Debug|iPhoneSimulator
		{04E5CCC3-BBAF-4B3D-8ECC-D7FBFAEAB2F6}.Debug|Any CPU.Build.0 = Debug|iPhoneSimulator
		{04E5CCC3-BBAF-4B3D-8ECC-D7FBFAEAB2F6}.Release|Any CPU.ActiveCfg = Release|iPhoneSimulator
		{04E5CCC3-BBAF-4B3D-8ECC-D7FBFAEAB2F6}.Release|Any CPU.Build.0 = Release|iPhoneSimulator
		{A83B4FBF-B30A-45ED-A058-BC1294865AD1}.Debug|iPhoneSimulator.ActiveCfg = Debug|Any CPU
		{A83B4FBF-B30A-45ED-A058-BC1294865AD1}.Debug|iPhoneSimulator.Build.0 = Debug|Any CPU
		{A83B4FBF-B30A-45ED-A058-BC1294865AD1}.Release|iPhoneSimulator.ActiveCfg = Release|Any CPU
		{A83B4FBF-B30A-45ED-A058-BC1294865AD1}.Release|iPhoneSimulator.Build.0 = Release|Any CPU
		{A83B4FBF-B30A-45ED-A058-BC1294865AD1}.Debug|iPhone.ActiveCfg = Debug|Any CPU
		{A83B4FBF-B30A-45ED-A058-BC1294865AD1}.Debug|iPhone.Build.0 = Debug|Any CPU
		{A83B4FBF-B30A-45ED-A058-BC1294865AD1}.Release|iPhone.ActiveCfg = Release|Any CPU
		{A83B4FBF-B30A-45ED-A058-BC1294865AD1}.Release|iPhone.Build.0 = Release|Any CPU
		{A83B4FBF-B30A-45ED-A058-BC1294865AD1}.Debug|Any CPU.ActiveCfg = Debug|Any CPU
		{A83B4FBF-B30A-45ED-A058-BC1294865AD1}.Debug|Any CPU.Build.0 = Debug|Any CPU
		{A83B4FBF-B30A-45ED-A058-BC1294865AD1}.Release|Any CPU.ActiveCfg = Release|Any CPU
		{A83B4FBF-B30A-45ED-A058-BC1294865AD1}.Release|Any CPU.Build.0 = Release|Any CPU
	EndGlobalSection
	GlobalSection(SolutionProperties) = preSolution
		HideSolutionNode = FALSE
	EndGlobalSection
	GlobalSection(ExtensibilityGlobals) = postSolution
		SolutionGuid = {B595440A-6F3E-4356-BE19-122525AECAD0}
	EndGlobalSection
EndGlobal
