
Microsoft Visual Studio Solution File, Format Version 12.00
# Visual Studio Version 16
VisualStudioVersion = 16.0.808.8
MinimumVisualStudioVersion = 10.0.40219.1
Project("{FAE04EC0-301F-11D3-BF4B-00C04F79EFBC}") = "DBIntro.iOS", "DBIntro.iOS\DBIntro.iOS.csproj", "{F6865656-ADBF-46AB-B5C2-16192E671435}"
EndProject
Project("{FAE04EC0-301F-11D3-BF4B-00C04F79EFBC}") = "DBIntro", "DBIntro\DBIntro.csproj", "{7AB230E3-6712-4BE6-97BD-39780D674031}"
EndProject
Global
	GlobalSection(SolutionConfigurationPlatforms) = preSolution
		Debug|iPhoneSimulator = Debug|iPhoneSimulator
		Release|iPhoneSimulator = Release|iPhoneSimulator
		Debug|iPhone = Debug|iPhone
		Release|iPhone = Release|iPhone
		Debug|Any CPU = Debug|Any CPU
		Release|Any CPU = Release|Any CPU
	EndGlobalSection
	GlobalSection(ProjectConfigurationPlatforms) = postSolution
		{F6865656-ADBF-46AB-B5C2-16192E671435}.Debug|iPhoneSimulator.ActiveCfg = Debug|iPhoneSimulator
		{F6865656-ADBF-46AB-B5C2-16192E671435}.Debug|iPhoneSimulator.Build.0 = Debug|iPhoneSimulator
		{F6865656-ADBF-46AB-B5C2-16192E671435}.Release|iPhoneSimulator.ActiveCfg = Release|iPhoneSimulator
		{F6865656-ADBF-46AB-B5C2-16192E671435}.Release|iPhoneSimulator.Build.0 = Release|iPhoneSimulator
		{F6865656-ADBF-46AB-B5C2-16192E671435}.Debug|iPhone.ActiveCfg = Debug|iPhone
		{F6865656-ADBF-46AB-B5C2-16192E671435}.Debug|iPhone.Build.0 = Debug|iPhone
		{F6865656-ADBF-46AB-B5C2-16192E671435}.Release|iPhone.ActiveCfg = Release|iPhone
		{F6865656-ADBF-46AB-B5C2-16192E671435}.Release|iPhone.Build.0 = Release|iPhone
		{F6865656-ADBF-46AB-B5C2-16192E671435}.Debug|Any CPU.ActiveCfg = Debug|iPhoneSimulator
		{F6865656-ADBF-46AB-B5C2-16192E671435}.Debug|Any CPU.Build.0 = Debug|iPhoneSimulator
		{F6865656-ADBF-46AB-B5C2-16192E671435}.Release|Any CPU.ActiveCfg = Release|iPhoneSimulator
		{F6865656-ADBF-46AB-B5C2-16192E671435}.Release|Any CPU.Build.0 = Release|iPhoneSimulator
		{7AB230E3-6712-4BE6-97BD-39780D674031}.Debug|iPhoneSimulator.ActiveCfg = Debug|Any CPU
		{7AB230E3-6712-4BE6-97BD-39780D674031}.Debug|iPhoneSimulator.Build.0 = Debug|Any CPU
		{7AB230E3-6712-4BE6-97BD-39780D674031}.Release|iPhoneSimulator.ActiveCfg = Release|Any CPU
		{7AB230E3-6712-4BE6-97BD-39780D674031}.Release|iPhoneSimulator.Build.0 = Release|Any CPU
		{7AB230E3-6712-4BE6-97BD-39780D674031}.Debug|iPhone.ActiveCfg = Debug|Any CPU
		{7AB230E3-6712-4BE6-97BD-39780D674031}.Debug|iPhone.Build.0 = Debug|Any CPU
		{7AB230E3-6712-4BE6-97BD-39780D674031}.Release|iPhone.ActiveCfg = Release|Any CPU
		{7AB230E3-6712-4BE6-97BD-39780D674031}.Release|iPhone.Build.0 = Release|Any CPU
		{7AB230E3-6712-4BE6-97BD-39780D674031}.Debug|Any CPU.ActiveCfg = Debug|Any CPU
		{7AB230E3-6712-4BE6-97BD-39780D674031}.Debug|Any CPU.Build.0 = Debug|Any CPU
		{7AB230E3-6712-4BE6-97BD-39780D674031}.Release|Any CPU.ActiveCfg = Release|Any CPU
		{7AB230E3-6712-4BE6-97BD-39780D674031}.Release|Any CPU.Build.0 = Release|Any CPU
	EndGlobalSection
	GlobalSection(SolutionProperties) = preSolution
		HideSolutionNode = FALSE
	EndGlobalSection
	GlobalSection(ExtensibilityGlobals) = postSolution
		SolutionGuid = {8DBE91AA-8196-4CAA-B140-0513C82EB317}
	EndGlobalSection
EndGlobal
